// !$*UTF8*$!
{
	archiveVersion = 1;
	classes = {
	};
	objectVersion = 46;
	objects = {

/* Begin PBXBuildFile section */
		2C64F8F31C89751100594D26 /* TextMode.swift in Sources */ = {isa = PBXBuildFile; fileRef = 2C64F8F21C89751100594D26 /* TextMode.swift */; };
		2C64F8F41C89751100594D26 /* TextMode.swift in Sources */ = {isa = PBXBuildFile; fileRef = 2C64F8F21C89751100594D26 /* TextMode.swift */; };
		2C6F42941C89FEB500A077A3 /* CanvasController.swift in Sources */ = {isa = PBXBuildFile; fileRef = 2C6F42931C89FEB500A077A3 /* CanvasController.swift */; };
		2C6F6F561C8636D80090C94F /* AppDelegate.swift in Sources */ = {isa = PBXBuildFile; fileRef = 2C6F6F551C8636D80090C94F /* AppDelegate.swift */; };
		2C6F6F581C8636D80090C94F /* ViewController.swift in Sources */ = {isa = PBXBuildFile; fileRef = 2C6F6F571C8636D80090C94F /* ViewController.swift */; };
		2C6F6F5B1C8636D80090C94F /* Main.storyboard in Resources */ = {isa = PBXBuildFile; fileRef = 2C6F6F591C8636D80090C94F /* Main.storyboard */; };
		2C6F6F5D1C8636D80090C94F /* Assets.xcassets in Resources */ = {isa = PBXBuildFile; fileRef = 2C6F6F5C1C8636D80090C94F /* Assets.xcassets */; };
		2C6F6F601C8636D80090C94F /* LaunchScreen.storyboard in Resources */ = {isa = PBXBuildFile; fileRef = 2C6F6F5E1C8636D80090C94F /* LaunchScreen.storyboard */; };
		2C6F6F651C8636D80090C94F /* prototype WatchKit App.app in Embed Watch Content */ = {isa = PBXBuildFile; fileRef = 2C6F6F641C8636D80090C94F /* prototype WatchKit App.app */; };
		2C6F6F6B1C8636D80090C94F /* Interface.storyboard in Resources */ = {isa = PBXBuildFile; fileRef = 2C6F6F691C8636D80090C94F /* Interface.storyboard */; };
		2C6F6F6D1C8636D80090C94F /* Assets.xcassets in Resources */ = {isa = PBXBuildFile; fileRef = 2C6F6F6C1C8636D80090C94F /* Assets.xcassets */; };
		2C6F6F741C8636D80090C94F /* prototype WatchKit Extension.appex in Embed App Extensions */ = {isa = PBXBuildFile; fileRef = 2C6F6F731C8636D80090C94F /* prototype WatchKit Extension.appex */; settings = {ATTRIBUTES = (RemoveHeadersOnCopy, ); }; };
		2C6F6F791C8636D80090C94F /* InterfaceController.swift in Sources */ = {isa = PBXBuildFile; fileRef = 2C6F6F781C8636D80090C94F /* InterfaceController.swift */; };
		2C6F6F7B1C8636D80090C94F /* ExtensionDelegate.swift in Sources */ = {isa = PBXBuildFile; fileRef = 2C6F6F7A1C8636D80090C94F /* ExtensionDelegate.swift */; };
		2C6F6F7D1C8636D80090C94F /* Assets.xcassets in Resources */ = {isa = PBXBuildFile; fileRef = 2C6F6F7C1C8636D80090C94F /* Assets.xcassets */; };
		2C6F6F951C86492B0090C94F /* ScrollController.swift in Sources */ = {isa = PBXBuildFile; fileRef = 2C6F6F941C86492B0090C94F /* ScrollController.swift */; };
/* End PBXBuildFile section */

/* Begin PBXContainerItemProxy section */
		2C6F6F661C8636D80090C94F /* PBXContainerItemProxy */ = {
			isa = PBXContainerItemProxy;
			containerPortal = 2C6F6F4A1C8636D80090C94F /* Project object */;
			proxyType = 1;
			remoteGlobalIDString = 2C6F6F631C8636D80090C94F;
			remoteInfo = "prototype WatchKit App";
		};
		2C6F6F751C8636D80090C94F /* PBXContainerItemProxy */ = {
			isa = PBXContainerItemProxy;
			containerPortal = 2C6F6F4A1C8636D80090C94F /* Project object */;
			proxyType = 1;
			remoteGlobalIDString = 2C6F6F721C8636D80090C94F;
			remoteInfo = "prototype WatchKit Extension";
		};
/* End PBXContainerItemProxy section */

/* Begin PBXCopyFilesBuildPhase section */
		2C6F6F841C8636D80090C94F /* Embed App Extensions */ = {
			isa = PBXCopyFilesBuildPhase;
			buildActionMask = 2147483647;
			dstPath = "";
			dstSubfolderSpec = 13;
			files = (
				2C6F6F741C8636D80090C94F /* prototype WatchKit Extension.appex in Embed App Extensions */,
			);
			name = "Embed App Extensions";
			runOnlyForDeploymentPostprocessing = 0;
		};
		2C6F6F881C8636D80090C94F /* Embed Watch Content */ = {
			isa = PBXCopyFilesBuildPhase;
			buildActionMask = 2147483647;
			dstPath = "$(CONTENTS_FOLDER_PATH)/Watch";
			dstSubfolderSpec = 16;
			files = (
				2C6F6F651C8636D80090C94F /* prototype WatchKit App.app in Embed Watch Content */,
			);
			name = "Embed Watch Content";
			runOnlyForDeploymentPostprocessing = 0;
		};
/* End PBXCopyFilesBuildPhase section */

/* Begin PBXFileReference section */
		2C64F8F21C89751100594D26 /* TextMode.swift */ = {isa = PBXFileReference; fileEncoding = 4; lastKnownFileType = sourcecode.swift; path = TextMode.swift; sourceTree = "<group>"; };
		2C6F42931C89FEB500A077A3 /* CanvasController.swift */ = {isa = PBXFileReference; fileEncoding = 4; lastKnownFileType = sourcecode.swift; path = CanvasController.swift; sourceTree = "<group>"; };
		2C6F6F521C8636D80090C94F /* prototype.app */ = {isa = PBXFileReference; explicitFileType = wrapper.application; includeInIndex = 0; path = prototype.app; sourceTree = BUILT_PRODUCTS_DIR; };
		2C6F6F551C8636D80090C94F /* AppDelegate.swift */ = {isa = PBXFileReference; lastKnownFileType = sourcecode.swift; path = AppDelegate.swift; sourceTree = "<group>"; };
		2C6F6F571C8636D80090C94F /* ViewController.swift */ = {isa = PBXFileReference; lastKnownFileType = sourcecode.swift; path = ViewController.swift; sourceTree = "<group>"; };
		2C6F6F5A1C8636D80090C94F /* Base */ = {isa = PBXFileReference; lastKnownFileType = file.storyboard; name = Base; path = Base.lproj/Main.storyboard; sourceTree = "<group>"; };
		2C6F6F5C1C8636D80090C94F /* Assets.xcassets */ = {isa = PBXFileReference; lastKnownFileType = folder.assetcatalog; path = Assets.xcassets; sourceTree = "<group>"; };
		2C6F6F5F1C8636D80090C94F /* Base */ = {isa = PBXFileReference; lastKnownFileType = file.storyboard; name = Base; path = Base.lproj/LaunchScreen.storyboard; sourceTree = "<group>"; };
		2C6F6F611C8636D80090C94F /* Info.plist */ = {isa = PBXFileReference; lastKnownFileType = text.plist.xml; path = Info.plist; sourceTree = "<group>"; };
		2C6F6F641C8636D80090C94F /* prototype WatchKit App.app */ = {isa = PBXFileReference; explicitFileType = wrapper.application; includeInIndex = 0; path = "prototype WatchKit App.app"; sourceTree = BUILT_PRODUCTS_DIR; };
		2C6F6F6A1C8636D80090C94F /* Base */ = {isa = PBXFileReference; lastKnownFileType = file.storyboard; name = Base; path = Base.lproj/Interface.storyboard; sourceTree = "<group>"; };
		2C6F6F6C1C8636D80090C94F /* Assets.xcassets */ = {isa = PBXFileReference; lastKnownFileType = folder.assetcatalog; path = Assets.xcassets; sourceTree = "<group>"; };
		2C6F6F6E1C8636D80090C94F /* Info.plist */ = {isa = PBXFileReference; lastKnownFileType = text.plist.xml; path = Info.plist; sourceTree = "<group>"; };
		2C6F6F731C8636D80090C94F /* prototype WatchKit Extension.appex */ = {isa = PBXFileReference; explicitFileType = "wrapper.app-extension"; includeInIndex = 0; path = "prototype WatchKit Extension.appex"; sourceTree = BUILT_PRODUCTS_DIR; };
		2C6F6F781C8636D80090C94F /* InterfaceController.swift */ = {isa = PBXFileReference; lastKnownFileType = sourcecode.swift; path = InterfaceController.swift; sourceTree = "<group>"; };
		2C6F6F7A1C8636D80090C94F /* ExtensionDelegate.swift */ = {isa = PBXFileReference; lastKnownFileType = sourcecode.swift; path = ExtensionDelegate.swift; sourceTree = "<group>"; };
		2C6F6F7C1C8636D80090C94F /* Assets.xcassets */ = {isa = PBXFileReference; lastKnownFileType = folder.assetcatalog; path = Assets.xcassets; sourceTree = "<group>"; };
		2C6F6F7E1C8636D80090C94F /* Info.plist */ = {isa = PBXFileReference; lastKnownFileType = text.plist.xml; path = Info.plist; sourceTree = "<group>"; };
		2C6F6F941C86492B0090C94F /* ScrollController.swift */ = {isa = PBXFileReference; fileEncoding = 4; lastKnownFileType = sourcecode.swift; path = ScrollController.swift; sourceTree = "<group>"; };
/* End PBXFileReference section */

/* Begin PBXFrameworksBuildPhase section */
		2C6F6F4F1C8636D80090C94F /* Frameworks */ = {
			isa = PBXFrameworksBuildPhase;
			buildActionMask = 2147483647;
			files = (
			);
			runOnlyForDeploymentPostprocessing = 0;
		};
		2C6F6F701C8636D80090C94F /* Frameworks */ = {
			isa = PBXFrameworksBuildPhase;
			buildActionMask = 2147483647;
			files = (
			);
			runOnlyForDeploymentPostprocessing = 0;
		};
/* End PBXFrameworksBuildPhase section */

/* Begin PBXGroup section */
		2C6F6F491C8636D70090C94F = {
			isa = PBXGroup;
			children = (
				2C64F8F21C89751100594D26 /* TextMode.swift */,
				2C6F6F541C8636D80090C94F /* prototype */,
				2C6F6F681C8636D80090C94F /* prototype WatchKit App */,
				2C6F6F771C8636D80090C94F /* prototype WatchKit Extension */,
				2C6F6F531C8636D80090C94F /* Products */,
			);
			sourceTree = "<group>";
		};
		2C6F6F531C8636D80090C94F /* Products */ = {
			isa = PBXGroup;
			children = (
				2C6F6F521C8636D80090C94F /* prototype.app */,
				2C6F6F641C8636D80090C94F /* prototype WatchKit App.app */,
				2C6F6F731C8636D80090C94F /* prototype WatchKit Extension.appex */,
			);
			name = Products;
			sourceTree = "<group>";
		};
		2C6F6F541C8636D80090C94F /* prototype */ = {
			isa = PBXGroup;
			children = (
				2C6F6F551C8636D80090C94F /* AppDelegate.swift */,
				2C6F6F571C8636D80090C94F /* ViewController.swift */,
				2C6F6F591C8636D80090C94F /* Main.storyboard */,
				2C6F6F5C1C8636D80090C94F /* Assets.xcassets */,
				2C6F6F5E1C8636D80090C94F /* LaunchScreen.storyboard */,
				2C6F6F611C8636D80090C94F /* Info.plist */,
			);
			path = prototype;
			sourceTree = "<group>";
		};
		2C6F6F681C8636D80090C94F /* prototype WatchKit App */ = {
			isa = PBXGroup;
			children = (
				2C6F6F691C8636D80090C94F /* Interface.storyboard */,
				2C6F6F6C1C8636D80090C94F /* Assets.xcassets */,
				2C6F6F6E1C8636D80090C94F /* Info.plist */,
			);
			path = "prototype WatchKit App";
			sourceTree = "<group>";
		};
		2C6F6F771C8636D80090C94F /* prototype WatchKit Extension */ = {
			isa = PBXGroup;
			children = (
				2C6F6F781C8636D80090C94F /* InterfaceController.swift */,
				2C6F42931C89FEB500A077A3 /* CanvasController.swift */,
				2C6F6F941C86492B0090C94F /* ScrollController.swift */,
				2C6F6F8F1C8648DA0090C94F /* other */,
			);
			path = "prototype WatchKit Extension";
			sourceTree = "<group>";
		};
		2C6F6F8F1C8648DA0090C94F /* other */ = {
			isa = PBXGroup;
			children = (
				2C6F6F7A1C8636D80090C94F /* ExtensionDelegate.swift */,
				2C6F6F7C1C8636D80090C94F /* Assets.xcassets */,
				2C6F6F7E1C8636D80090C94F /* Info.plist */,
			);
			name = other;
			sourceTree = "<group>";
		};
/* End PBXGroup section */

/* Begin PBXNativeTarget section */
		2C6F6F511C8636D80090C94F /* prototype */ = {
			isa = PBXNativeTarget;
			buildConfigurationList = 2C6F6F891C8636D80090C94F /* Build configuration list for PBXNativeTarget "prototype" */;
			buildPhases = (
				2C6F6F4E1C8636D80090C94F /* Sources */,
				2C6F6F4F1C8636D80090C94F /* Frameworks */,
				2C6F6F501C8636D80090C94F /* Resources */,
				2C6F6F881C8636D80090C94F /* Embed Watch Content */,
			);
			buildRules = (
			);
			dependencies = (
				2C6F6F671C8636D80090C94F /* PBXTargetDependency */,
			);
			name = prototype;
			productName = prototype;
			productReference = 2C6F6F521C8636D80090C94F /* prototype.app */;
			productType = "com.apple.product-type.application";
		};
		2C6F6F631C8636D80090C94F /* prototype WatchKit App */ = {
			isa = PBXNativeTarget;
			buildConfigurationList = 2C6F6F851C8636D80090C94F /* Build configuration list for PBXNativeTarget "prototype WatchKit App" */;
			buildPhases = (
				2C6F6F621C8636D80090C94F /* Resources */,
				2C6F6F841C8636D80090C94F /* Embed App Extensions */,
			);
			buildRules = (
			);
			dependencies = (
				2C6F6F761C8636D80090C94F /* PBXTargetDependency */,
			);
			name = "prototype WatchKit App";
			productName = "prototype WatchKit App";
			productReference = 2C6F6F641C8636D80090C94F /* prototype WatchKit App.app */;
			productType = "com.apple.product-type.application.watchapp2";
		};
		2C6F6F721C8636D80090C94F /* prototype WatchKit Extension */ = {
			isa = PBXNativeTarget;
			buildConfigurationList = 2C6F6F811C8636D80090C94F /* Build configuration list for PBXNativeTarget "prototype WatchKit Extension" */;
			buildPhases = (
				2C6F6F6F1C8636D80090C94F /* Sources */,
				2C6F6F701C8636D80090C94F /* Frameworks */,
				2C6F6F711C8636D80090C94F /* Resources */,
			);
			buildRules = (
			);
			dependencies = (
			);
			name = "prototype WatchKit Extension";
			productName = "prototype WatchKit Extension";
			productReference = 2C6F6F731C8636D80090C94F /* prototype WatchKit Extension.appex */;
			productType = "com.apple.product-type.watchkit2-extension";
		};
/* End PBXNativeTarget section */

/* Begin PBXProject section */
		2C6F6F4A1C8636D80090C94F /* Project object */ = {
			isa = PBXProject;
			attributes = {
				LastSwiftUpdateCheck = 0720;
				LastUpgradeCheck = 0720;
				ORGANIZATIONNAME = "Yan Sun";
				TargetAttributes = {
					2C6F6F511C8636D80090C94F = {
						CreatedOnToolsVersion = 7.2.1;
						DevelopmentTeam = 32R2F34ENY;
					};
					2C6F6F631C8636D80090C94F = {
						CreatedOnToolsVersion = 7.2.1;
						DevelopmentTeam = 32R2F34ENY;
					};
					2C6F6F721C8636D80090C94F = {
						CreatedOnToolsVersion = 7.2.1;
						DevelopmentTeam = 32R2F34ENY;
					};
				};
			};
			buildConfigurationList = 2C6F6F4D1C8636D80090C94F /* Build configuration list for PBXProject "prototype" */;
			compatibilityVersion = "Xcode 3.2";
			developmentRegion = English;
			hasScannedForEncodings = 0;
			knownRegions = (
				en,
				Base,
			);
			mainGroup = 2C6F6F491C8636D70090C94F;
			productRefGroup = 2C6F6F531C8636D80090C94F /* Products */;
			projectDirPath = "";
			projectRoot = "";
			targets = (
				2C6F6F511C8636D80090C94F /* prototype */,
				2C6F6F631C8636D80090C94F /* prototype WatchKit App */,
				2C6F6F721C8636D80090C94F /* prototype WatchKit Extension */,
			);
		};
/* End PBXProject section */

/* Begin PBXResourcesBuildPhase section */
		2C6F6F501C8636D80090C94F /* Resources */ = {
			isa = PBXResourcesBuildPhase;
			buildActionMask = 2147483647;
			files = (
				2C6F6F601C8636D80090C94F /* LaunchScreen.storyboard in Resources */,
				2C6F6F5D1C8636D80090C94F /* Assets.xcassets in Resources */,
				2C6F6F5B1C8636D80090C94F /* Main.storyboard in Resources */,
			);
			runOnlyForDeploymentPostprocessing = 0;
		};
		2C6F6F621C8636D80090C94F /* Resources */ = {
			isa = PBXResourcesBuildPhase;
			buildActionMask = 2147483647;
			files = (
				2C6F6F6D1C8636D80090C94F /* Assets.xcassets in Resources */,
				2C6F6F6B1C8636D80090C94F /* Interface.storyboard in Resources */,
			);
			runOnlyForDeploymentPostprocessing = 0;
		};
		2C6F6F711C8636D80090C94F /* Resources */ = {
			isa = PBXResourcesBuildPhase;
			buildActionMask = 2147483647;
			files = (
				2C6F6F7D1C8636D80090C94F /* Assets.xcassets in Resources */,
			);
			runOnlyForDeploymentPostprocessing = 0;
		};
/* End PBXResourcesBuildPhase section */

/* Begin PBXSourcesBuildPhase section */
		2C6F6F4E1C8636D80090C94F /* Sources */ = {
			isa = PBXSourcesBuildPhase;
			buildActionMask = 2147483647;
			files = (
				2C6F6F581C8636D80090C94F /* ViewController.swift in Sources */,
				2C64F8F31C89751100594D26 /* TextMode.swift in Sources */,
				2C6F6F561C8636D80090C94F /* AppDelegate.swift in Sources */,
			);
			runOnlyForDeploymentPostprocessing = 0;
		};
		2C6F6F6F1C8636D80090C94F /* Sources */ = {
			isa = PBXSourcesBuildPhase;
			buildActionMask = 2147483647;
			files = (
				2C6F42941C89FEB500A077A3 /* CanvasController.swift in Sources */,
				2C64F8F41C89751100594D26 /* TextMode.swift in Sources */,
				2C6F6F7B1C8636D80090C94F /* ExtensionDelegate.swift in Sources */,
				2C6F6F791C8636D80090C94F /* InterfaceController.swift in Sources */,
				2C6F6F951C86492B0090C94F /* ScrollController.swift in Sources */,
			);
			runOnlyForDeploymentPostprocessing = 0;
		};
/* End PBXSourcesBuildPhase section */

/* Begin PBXTargetDependency section */
		2C6F6F671C8636D80090C94F /* PBXTargetDependency */ = {
			isa = PBXTargetDependency;
			target = 2C6F6F631C8636D80090C94F /* prototype WatchKit App */;
			targetProxy = 2C6F6F661C8636D80090C94F /* PBXContainerItemProxy */;
		};
		2C6F6F761C8636D80090C94F /* PBXTargetDependency */ = {
			isa = PBXTargetDependency;
			target = 2C6F6F721C8636D80090C94F /* prototype WatchKit Extension */;
			targetProxy = 2C6F6F751C8636D80090C94F /* PBXContainerItemProxy */;
		};
/* End PBXTargetDependency section */

/* Begin PBXVariantGroup section */
		2C6F6F591C8636D80090C94F /* Main.storyboard */ = {
			isa = PBXVariantGroup;
			children = (
				2C6F6F5A1C8636D80090C94F /* Base */,
			);
			name = Main.storyboard;
			sourceTree = "<group>";
		};
		2C6F6F5E1C8636D80090C94F /* LaunchScreen.storyboard */ = {
			isa = PBXVariantGroup;
			children = (
				2C6F6F5F1C8636D80090C94F /* Base */,
			);
			name = LaunchScreen.storyboard;
			sourceTree = "<group>";
		};
		2C6F6F691C8636D80090C94F /* Interface.storyboard */ = {
			isa = PBXVariantGroup;
			children = (
				2C6F6F6A1C8636D80090C94F /* Base */,
			);
			name = Interface.storyboard;
			sourceTree = "<group>";
		};
/* End PBXVariantGroup section */

/* Begin XCBuildConfiguration section */
		2C6F6F7F1C8636D80090C94F /* Debug */ = {
			isa = XCBuildConfiguration;
			buildSettings = {
				ALWAYS_SEARCH_USER_PATHS = NO;
				CLANG_CXX_LANGUAGE_STANDARD = "gnu++0x";
				CLANG_CXX_LIBRARY = "libc++";
				CLANG_ENABLE_MODULES = YES;
				CLANG_ENABLE_OBJC_ARC = YES;
				CLANG_WARN_BOOL_CONVERSION = YES;
				CLANG_WARN_CONSTANT_CONVERSION = YES;
				CLANG_WARN_DIRECT_OBJC_ISA_USAGE = YES_ERROR;
				CLANG_WARN_EMPTY_BODY = YES;
				CLANG_WARN_ENUM_CONVERSION = YES;
				CLANG_WARN_INT_CONVERSION = YES;
				CLANG_WARN_OBJC_ROOT_CLASS = YES_ERROR;
				CLANG_WARN_UNREACHABLE_CODE = YES;
				CLANG_WARN__DUPLICATE_METHOD_MATCH = YES;
				"CODE_SIGN_IDENTITY[sdk=iphoneos*]" = "iPhone Developer";
				COPY_PHASE_STRIP = NO;
				DEBUG_INFORMATION_FORMAT = dwarf;
				ENABLE_STRICT_OBJC_MSGSEND = YES;
				ENABLE_TESTABILITY = YES;
				GCC_C_LANGUAGE_STANDARD = gnu99;
				GCC_DYNAMIC_NO_PIC = NO;
				GCC_NO_COMMON_BLOCKS = YES;
				GCC_OPTIMIZATION_LEVEL = 0;
				GCC_PREPROCESSOR_DEFINITIONS = (
					"DEBUG=1",
					"$(inherited)",
				);
				GCC_WARN_64_TO_32_BIT_CONVERSION = YES;
				GCC_WARN_ABOUT_RETURN_TYPE = YES_ERROR;
				GCC_WARN_UNDECLARED_SELECTOR = YES;
				GCC_WARN_UNINITIALIZED_AUTOS = YES_AGGRESSIVE;
				GCC_WARN_UNUSED_FUNCTION = YES;
				GCC_WARN_UNUSED_VARIABLE = YES;
				IPHONEOS_DEPLOYMENT_TARGET = 9.2;
				MTL_ENABLE_DEBUG_INFO = YES;
				ONLY_ACTIVE_ARCH = YES;
				SDKROOT = iphoneos;
				SWIFT_OPTIMIZATION_LEVEL = "-Onone";
			};
			name = Debug;
		};
		2C6F6F801C8636D80090C94F /* Release */ = {
			isa = XCBuildConfiguration;
			buildSettings = {
				ALWAYS_SEARCH_USER_PATHS = NO;
				CLANG_CXX_LANGUAGE_STANDARD = "gnu++0x";
				CLANG_CXX_LIBRARY = "libc++";
				CLANG_ENABLE_MODULES = YES;
				CLANG_ENABLE_OBJC_ARC = YES;
				CLANG_WARN_BOOL_CONVERSION = YES;
				CLANG_WARN_CONSTANT_CONVERSION = YES;
				CLANG_WARN_DIRECT_OBJC_ISA_USAGE = YES_ERROR;
				CLANG_WARN_EMPTY_BODY = YES;
				CLANG_WARN_ENUM_CONVERSION = YES;
				CLANG_WARN_INT_CONVERSION = YES;
				CLANG_WARN_OBJC_ROOT_CLASS = YES_ERROR;
				CLANG_WARN_UNREACHABLE_CODE = YES;
				CLANG_WARN__DUPLICATE_METHOD_MATCH = YES;
				"CODE_SIGN_IDENTITY[sdk=iphoneos*]" = "iPhone Developer";
				COPY_PHASE_STRIP = NO;
				DEBUG_INFORMATION_FORMAT = "dwarf-with-dsym";
				ENABLE_NS_ASSERTIONS = NO;
				ENABLE_STRICT_OBJC_MSGSEND = YES;
				GCC_C_LANGUAGE_STANDARD = gnu99;
				GCC_NO_COMMON_BLOCKS = YES;
				GCC_WARN_64_TO_32_BIT_CONVERSION = YES;
				GCC_WARN_ABOUT_RETURN_TYPE = YES_ERROR;
				GCC_WARN_UNDECLARED_SELECTOR = YES;
				GCC_WARN_UNINITIALIZED_AUTOS = YES_AGGRESSIVE;
				GCC_WARN_UNUSED_FUNCTION = YES;
				GCC_WARN_UNUSED_VARIABLE = YES;
				IPHONEOS_DEPLOYMENT_TARGET = 9.2;
				MTL_ENABLE_DEBUG_INFO = NO;
				SDKROOT = iphoneos;
				VALIDATE_PRODUCT = YES;
			};
			name = Release;
		};
		2C6F6F821C8636D80090C94F /* Debug */ = {
			isa = XCBuildConfiguration;
			buildSettings = {
				CODE_SIGN_IDENTITY = "iPhone Developer";
				"CODE_SIGN_IDENTITY[sdk=watchos*]" = "iPhone Developer";
				INFOPLIST_FILE = "prototype WatchKit Extension/Info.plist";
				LD_RUNPATH_SEARCH_PATHS = "$(inherited) @executable_path/Frameworks @executable_path/../../Frameworks";
				PRODUCT_BUNDLE_IDENTIFIER = yansun0.prototype.watchkit.extension;
				PRODUCT_NAME = "${TARGET_NAME}";
				PROVISIONING_PROFILE = "";
				SDKROOT = watchos;
				SKIP_INSTALL = YES;
				TARGETED_DEVICE_FAMILY = 4;
				WATCHOS_DEPLOYMENT_TARGET = 2.1;
			};
			name = Debug;
		};
		2C6F6F831C8636D80090C94F /* Release */ = {
			isa = XCBuildConfiguration;
			buildSettings = {
				CODE_SIGN_IDENTITY = "iPhone Developer";
				"CODE_SIGN_IDENTITY[sdk=watchos*]" = "iPhone Developer";
				INFOPLIST_FILE = "prototype WatchKit Extension/Info.plist";
				LD_RUNPATH_SEARCH_PATHS = "$(inherited) @executable_path/Frameworks @executable_path/../../Frameworks";
				PRODUCT_BUNDLE_IDENTIFIER = yansun0.prototype.watchkit.extension;
				PRODUCT_NAME = "${TARGET_NAME}";
				PROVISIONING_PROFILE = "";
				SDKROOT = watchos;
				SKIP_INSTALL = YES;
				TARGETED_DEVICE_FAMILY = 4;
				WATCHOS_DEPLOYMENT_TARGET = 2.1;
			};
			name = Release;
		};
		2C6F6F861C8636D80090C94F /* Debug */ = {
			isa = XCBuildConfiguration;
			buildSettings = {
				ASSETCATALOG_COMPILER_APPICON_NAME = AppIcon;
				CLANG_ENABLE_MODULES = YES;
				CODE_SIGN_IDENTITY = "iPhone Developer";
				"CODE_SIGN_IDENTITY[sdk=watchos*]" = "iPhone Developer";
				EMBEDDED_CONTENT_CONTAINS_SWIFT = YES;
				IBSC_MODULE = prototype_WatchKit_Extension;
				INFOPLIST_FILE = "prototype WatchKit App/Info.plist";
				LD_RUNPATH_SEARCH_PATHS = "$(inherited) @executable_path/../Frameworks @loader_path/../Frameworks";
				PRODUCT_BUNDLE_IDENTIFIER = yansun0.prototype.watchkit;
				PRODUCT_NAME = "$(TARGET_NAME)";
				PROVISIONING_PROFILE = "";
				SDKROOT = watchos;
				SKIP_INSTALL = YES;
				SWIFT_OPTIMIZATION_LEVEL = "-Onone";
				TARGETED_DEVICE_FAMILY = 4;
				WATCHOS_DEPLOYMENT_TARGET = 2.1;
			};
			name = Debug;
		};
		2C6F6F871C8636D80090C94F /* Release */ = {
			isa = XCBuildConfiguration;
			buildSettings = {
				ASSETCATALOG_COMPILER_APPICON_NAME = AppIcon;
				CLANG_ENABLE_MODULES = YES;
				CODE_SIGN_IDENTITY = "iPhone Developer";
				"CODE_SIGN_IDENTITY[sdk=watchos*]" = "iPhone Developer";
				EMBEDDED_CONTENT_CONTAINS_SWIFT = YES;
				IBSC_MODULE = prototype_WatchKit_Extension;
				INFOPLIST_FILE = "prototype WatchKit App/Info.plist";
				LD_RUNPATH_SEARCH_PATHS = "$(inherited) @executable_path/../Frameworks @loader_path/../Frameworks";
				PRODUCT_BUNDLE_IDENTIFIER = yansun0.prototype.watchkit;
				PRODUCT_NAME = "$(TARGET_NAME)";
				PROVISIONING_PROFILE = "";
				SDKROOT = watchos;
				SKIP_INSTALL = YES;
				TARGETED_DEVICE_FAMILY = 4;
				WATCHOS_DEPLOYMENT_TARGET = 2.1;
			};
			name = Release;
		};
		2C6F6F8A1C8636D80090C94F /* Debug */ = {
			isa = XCBuildConfiguration;
			buildSettings = {
				ASSETCATALOG_COMPILER_APPICON_NAME = AppIcon;
				CODE_SIGN_IDENTITY = "iPhone Developer";
				"CODE_SIGN_IDENTITY[sdk=iphoneos*]" = "iPhone Developer";
				INFOPLIST_FILE = prototype/Info.plist;
				LD_RUNPATH_SEARCH_PATHS = "$(inherited) @executable_path/Frameworks";
				PRODUCT_BUNDLE_IDENTIFIER = yansun0.prototype;
				PRODUCT_NAME = "$(TARGET_NAME)";
				PROVISIONING_PROFILE = "";
				TARGETED_DEVICE_FAMILY = 1;
			};
			name = Debug;
		};
		2C6F6F8B1C8636D80090C94F /* Release */ = {
			isa = XCBuildConfiguration;
			buildSettings = {
				ASSETCATALOG_COMPILER_APPICON_NAME = AppIcon;
				CODE_SIGN_IDENTITY = "iPhone Developer";
				"CODE_SIGN_IDENTITY[sdk=iphoneos*]" = "iPhone Developer";
				INFOPLIST_FILE = prototype/Info.plist;
				LD_RUNPATH_SEARCH_PATHS = "$(inherited) @executable_path/Frameworks";
				PRODUCT_BUNDLE_IDENTIFIER = yansun0.prototype;
				PRODUCT_NAME = "$(TARGET_NAME)";
				PROVISIONING_PROFILE = "";
				TARGETED_DEVICE_FAMILY = 1;
			};
			name = Release;
		};
/* End XCBuildConfiguration section */

/* Begin XCConfigurationList section */
		2C6F6F4D1C8636D80090C94F /* Build configuration list for PBXProject "prototype" */ = {
			isa = XCConfigurationList;
			buildConfigurations = (
				2C6F6F7F1C8636D80090C94F /* Debug */,
				2C6F6F801C8636D80090C94F /* Release */,
			);
			defaultConfigurationIsVisible = 0;
			defaultConfigurationName = Release;
		};
		2C6F6F811C8636D80090C94F /* Build configuration list for PBXNativeTarget "prototype WatchKit Extension" */ = {
			isa = XCConfigurationList;
			buildConfigurations = (
				2C6F6F821C8636D80090C94F /* Debug */,
				2C6F6F831C8636D80090C94F /* Release */,
			);
			defaultConfigurationIsVisible = 0;
			defaultConfigurationName = Release;
		};
		2C6F6F851C8636D80090C94F /* Build configuration list for PBXNativeTarget "prototype WatchKit App" */ = {
			isa = XCConfigurationList;
			buildConfigurations = (
				2C6F6F861C8636D80090C94F /* Debug */,
				2C6F6F871C8636D80090C94F /* Release */,
			);
			defaultConfigurationIsVisible = 0;
			defaultConfigurationName = Release;
		};
		2C6F6F891C8636D80090C94F /* Build configuration list for PBXNativeTarget "prototype" */ = {
			isa = XCConfigurationList;
			buildConfigurations = (
				2C6F6F8A1C8636D80090C94F /* Debug */,
				2C6F6F8B1C8636D80090C94F /* Release */,
			);
			defaultConfigurationIsVisible = 0;
			defaultConfigurationName = Release;
		};
/* End XCConfigurationList section */
	};
	rootObject = 2C6F6F4A1C8636D80090C94F /* Project object */;
}
